// !$*UTF8*$!
{
	archiveVersion = 1;
	classes = {
	};
	objectVersion = 56;
	objects = {

/* Begin PBXBuildFile section */
		6E0231412B26E3EB002E19DE /* ProfileViewController.swift in Sources */ = {isa = PBXBuildFile; fileRef = 6E0231402B26E3EB002E19DE /* ProfileViewController.swift */; };
		6E0231452B26E445002E19DE /* SettingsCell.swift in Sources */ = {isa = PBXBuildFile; fileRef = 6E0231432B26E445002E19DE /* SettingsCell.swift */; };
		6E0231462B26E445002E19DE /* SettingsCell.xib in Resources */ = {isa = PBXBuildFile; fileRef = 6E0231442B26E445002E19DE /* SettingsCell.xib */; };
		6E0231492B26E471002E19DE /* UserProfileCell.swift in Sources */ = {isa = PBXBuildFile; fileRef = 6E0231472B26E471002E19DE /* UserProfileCell.swift */; };
		6E02314A2B26E471002E19DE /* UserProfileCell.xib in Resources */ = {isa = PBXBuildFile; fileRef = 6E0231482B26E471002E19DE /* UserProfileCell.xib */; };
		6E24B0662B163F62006D802A /* IngredientsCell.swift in Sources */ = {isa = PBXBuildFile; fileRef = 6E24B0642B163F62006D802A /* IngredientsCell.swift */; };
		6E24B0672B163F62006D802A /* IngredientsCell.xib in Resources */ = {isa = PBXBuildFile; fileRef = 6E24B0652B163F62006D802A /* IngredientsCell.xib */; };
		6E24B06A2B165307006D802A /* CookingStepsCell.swift in Sources */ = {isa = PBXBuildFile; fileRef = 6E24B0682B165307006D802A /* CookingStepsCell.swift */; };
		6E24B06B2B165307006D802A /* CookingStepsCell.xib in Resources */ = {isa = PBXBuildFile; fileRef = 6E24B0692B165307006D802A /* CookingStepsCell.xib */; };
		6E24B06F2B165E0A006D802A /* SpiceSaga.xcdatamodeld in Sources */ = {isa = PBXBuildFile; fileRef = 6E24B06D2B165E0A006D802A /* SpiceSaga.xcdatamodeld */; };
		6E24B0722B165E60006D802A /* SpiceSagaDataServices.swift in Sources */ = {isa = PBXBuildFile; fileRef = 6E24B0712B165E60006D802A /* SpiceSagaDataServices.swift */; };
		6E51E5942AF8BC8E009FF3DA /* GoogleService-Info.plist in Resources */ = {isa = PBXBuildFile; fileRef = 6E51E5932AF8BC8E009FF3DA /* GoogleService-Info.plist */; };
		6E51E5972AF8BF0A009FF3DA /* RecipeBookViewController.swift in Sources */ = {isa = PBXBuildFile; fileRef = 6E51E5962AF8BF0A009FF3DA /* RecipeBookViewController.swift */; };
		6E51E59B2AF8BFAC009FF3DA /* RecipeBookTableViewCell.swift in Sources */ = {isa = PBXBuildFile; fileRef = 6E51E5992AF8BFAC009FF3DA /* RecipeBookTableViewCell.swift */; };
		6E51E59C2AF8BFAC009FF3DA /* RecipeBookTableViewCell.xib in Resources */ = {isa = PBXBuildFile; fileRef = 6E51E59A2AF8BFAC009FF3DA /* RecipeBookTableViewCell.xib */; };
		6E51E59E2AF8C07E009FF3DA /* UITableView+Extentions.swift in Sources */ = {isa = PBXBuildFile; fileRef = 6E51E59D2AF8C07E009FF3DA /* UITableView+Extentions.swift */; };
		6E51E5A02AF8C524009FF3DA /* FirebaseRMDatabase.swift in Sources */ = {isa = PBXBuildFile; fileRef = 6E51E59F2AF8C524009FF3DA /* FirebaseRMDatabase.swift */; };
		6E51E5A32AF8CF8D009FF3DA /* Kingfisher in Frameworks */ = {isa = PBXBuildFile; productRef = 6E51E5A22AF8CF8D009FF3DA /* Kingfisher */; };
		6E823BD82ADF9F1600E03A11 /* LoginViewController.swift in Sources */ = {isa = PBXBuildFile; fileRef = 6E823BD72ADF9F1600E03A11 /* LoginViewController.swift */; };
		6E823BDA2ADF9F2800E03A11 /* LoginViewModel.swift in Sources */ = {isa = PBXBuildFile; fileRef = 6E823BD92ADF9F2800E03A11 /* LoginViewModel.swift */; };
		6E823BDD2ADF9F9600E03A11 /* OnboardingViewController.swift in Sources */ = {isa = PBXBuildFile; fileRef = 6E823BDC2ADF9F9600E03A11 /* OnboardingViewController.swift */; };
		6E823BDF2ADF9FA400E03A11 /* OnboardingViewModel.swift in Sources */ = {isa = PBXBuildFile; fileRef = 6E823BDE2ADF9FA400E03A11 /* OnboardingViewModel.swift */; };
		6E823BE32ADFA0E800E03A11 /* OnboardingCollectionViewCell.swift in Sources */ = {isa = PBXBuildFile; fileRef = 6E823BE12ADFA0E800E03A11 /* OnboardingCollectionViewCell.swift */; };
		6E823BE42ADFA0E800E03A11 /* OnboardingCollectionViewCell.xib in Resources */ = {isa = PBXBuildFile; fileRef = 6E823BE22ADFA0E800E03A11 /* OnboardingCollectionViewCell.xib */; };
		6E823BE72ADFA37100E03A11 /* UICollectionView+Extentions.swift in Sources */ = {isa = PBXBuildFile; fileRef = 6E823BE62ADFA37100E03A11 /* UICollectionView+Extentions.swift */; };
		6E823BEA2ADFB16B00E03A11 /* SpiceSagaStoryBoards.swift in Sources */ = {isa = PBXBuildFile; fileRef = 6E823BE92ADFB16B00E03A11 /* SpiceSagaStoryBoards.swift */; };
		6E823BEC2ADFB1A600E03A11 /* UIStoryboards+Extentions.swift in Sources */ = {isa = PBXBuildFile; fileRef = 6E823BEB2ADFB1A600E03A11 /* UIStoryboards+Extentions.swift */; };
		6E823BEE2ADFBF2700E03A11 /* UIView+Extentions.swift in Sources */ = {isa = PBXBuildFile; fileRef = 6E823BED2ADFBF2700E03A11 /* UIView+Extentions.swift */; };
		6E823BF12ADFCAA100E03A11 /* SignUpViewController.swift in Sources */ = {isa = PBXBuildFile; fileRef = 6E823BF02ADFCAA100E03A11 /* SignUpViewController.swift */; };
		6EA25DB52AE15E06005720C6 /* FirebaseRealTimeStorage.swift in Sources */ = {isa = PBXBuildFile; fileRef = 6EA25DB42AE15E06005720C6 /* FirebaseRealTimeStorage.swift */; };
		6EA6EC192B2728DE00394171 /* SavedRecipeViewController.swift in Sources */ = {isa = PBXBuildFile; fileRef = 6EA6EC182B2728DE00394171 /* SavedRecipeViewController.swift */; };
		6EC791FB2B2750B900B483D6 /* FilterViewController.swift in Sources */ = {isa = PBXBuildFile; fileRef = 6EC791FA2B2750B900B483D6 /* FilterViewController.swift */; };
		6EC791FF2B275AB400B483D6 /* FilterCell.swift in Sources */ = {isa = PBXBuildFile; fileRef = 6EC791FD2B275AB400B483D6 /* FilterCell.swift */; };
		6EC792002B275AB400B483D6 /* FilterCell.xib in Resources */ = {isa = PBXBuildFile; fileRef = 6EC791FE2B275AB400B483D6 /* FilterCell.xib */; };
		6ECABEAF2AFA5CCB00262387 /* AddNewRecipeViewController.swift in Sources */ = {isa = PBXBuildFile; fileRef = 6ECABEAE2AFA5CCB00262387 /* AddNewRecipeViewController.swift */; };
		6ECABEB22AFA6F7000262387 /* RecipeImagesViewController.swift in Sources */ = {isa = PBXBuildFile; fileRef = 6ECABEB12AFA6F7000262387 /* RecipeImagesViewController.swift */; };
		6ECABEB62AFA760500262387 /* RecipeStepsCell.swift in Sources */ = {isa = PBXBuildFile; fileRef = 6ECABEB42AFA760500262387 /* RecipeStepsCell.swift */; };
		6ECABEB72AFA760500262387 /* RecipeStepsCell.xib in Resources */ = {isa = PBXBuildFile; fileRef = 6ECABEB52AFA760500262387 /* RecipeStepsCell.xib */; };
		6ECABEBC2AFA8C9700262387 /* AddIngredientsViewController.swift in Sources */ = {isa = PBXBuildFile; fileRef = 6ECABEBB2AFA8C9700262387 /* AddIngredientsViewController.swift */; };
		6ECABEC02AFA90DC00262387 /* AddedIngredientsCell.swift in Sources */ = {isa = PBXBuildFile; fileRef = 6ECABEBE2AFA90DC00262387 /* AddedIngredientsCell.swift */; };
		6ECABEC12AFA90DC00262387 /* AddedIngredientsCell.xib in Resources */ = {isa = PBXBuildFile; fileRef = 6ECABEBF2AFA90DC00262387 /* AddedIngredientsCell.xib */; };
		6ECABEC42AFAD20F00262387 /* SwiftLoader in Frameworks */ = {isa = PBXBuildFile; productRef = 6ECABEC32AFAD20F00262387 /* SwiftLoader */; };
		6ECB99E82AFB35F4003C6825 /* Notifications+Extentions.swift in Sources */ = {isa = PBXBuildFile; fileRef = 6ECB99E72AFB35F4003C6825 /* Notifications+Extentions.swift */; };
		6EDE451A2AE0D51A00364450 /* FirebaseAnalytics in Frameworks */ = {isa = PBXBuildFile; productRef = 6EDE45192AE0D51A00364450 /* FirebaseAnalytics */; };
		6EDE451C2AE0D51A00364450 /* FirebaseAnalyticsOnDeviceConversion in Frameworks */ = {isa = PBXBuildFile; productRef = 6EDE451B2AE0D51A00364450 /* FirebaseAnalyticsOnDeviceConversion */; };
		6EDE451E2AE0D51A00364450 /* FirebaseAnalyticsSwift in Frameworks */ = {isa = PBXBuildFile; productRef = 6EDE451D2AE0D51A00364450 /* FirebaseAnalyticsSwift */; };
		6EDE45202AE0D51A00364450 /* FirebaseAnalyticsWithoutAdIdSupport in Frameworks */ = {isa = PBXBuildFile; productRef = 6EDE451F2AE0D51A00364450 /* FirebaseAnalyticsWithoutAdIdSupport */; };
		6EDE45222AE0D51A00364450 /* FirebaseAppCheck in Frameworks */ = {isa = PBXBuildFile; productRef = 6EDE45212AE0D51A00364450 /* FirebaseAppCheck */; };
		6EDE45242AE0D51A00364450 /* FirebaseAppDistribution-Beta in Frameworks */ = {isa = PBXBuildFile; productRef = 6EDE45232AE0D51A00364450 /* FirebaseAppDistribution-Beta */; };
		6EDE45262AE0D51A00364450 /* FirebaseAuth in Frameworks */ = {isa = PBXBuildFile; productRef = 6EDE45252AE0D51A00364450 /* FirebaseAuth */; };
		6EDE45282AE0D51A00364450 /* FirebaseAuthCombine-Community in Frameworks */ = {isa = PBXBuildFile; productRef = 6EDE45272AE0D51A00364450 /* FirebaseAuthCombine-Community */; };
		6EDE452A2AE0D51A00364450 /* FirebaseCrashlytics in Frameworks */ = {isa = PBXBuildFile; productRef = 6EDE45292AE0D51A00364450 /* FirebaseCrashlytics */; };
		6EDE452C2AE0D51A00364450 /* FirebaseDatabase in Frameworks */ = {isa = PBXBuildFile; productRef = 6EDE452B2AE0D51A00364450 /* FirebaseDatabase */; };
		6EDE452E2AE0D51A00364450 /* FirebaseDatabaseSwift in Frameworks */ = {isa = PBXBuildFile; productRef = 6EDE452D2AE0D51A00364450 /* FirebaseDatabaseSwift */; };
		6EDE45302AE0D51A00364450 /* FirebaseDynamicLinks in Frameworks */ = {isa = PBXBuildFile; productRef = 6EDE452F2AE0D51A00364450 /* FirebaseDynamicLinks */; };
		6EDE45322AE0D51A00364450 /* FirebaseFirestore in Frameworks */ = {isa = PBXBuildFile; productRef = 6EDE45312AE0D51A00364450 /* FirebaseFirestore */; };
		6EDE45342AE0D51A00364450 /* FirebaseFirestoreCombine-Community in Frameworks */ = {isa = PBXBuildFile; productRef = 6EDE45332AE0D51A00364450 /* FirebaseFirestoreCombine-Community */; };
		6EDE45362AE0D51A00364450 /* FirebaseFirestoreSwift in Frameworks */ = {isa = PBXBuildFile; productRef = 6EDE45352AE0D51A00364450 /* FirebaseFirestoreSwift */; };
		6EDE45382AE0D51A00364450 /* FirebaseFunctions in Frameworks */ = {isa = PBXBuildFile; productRef = 6EDE45372AE0D51A00364450 /* FirebaseFunctions */; };
		6EDE453A2AE0D51A00364450 /* FirebaseFunctionsCombine-Community in Frameworks */ = {isa = PBXBuildFile; productRef = 6EDE45392AE0D51A00364450 /* FirebaseFunctionsCombine-Community */; };
		6EDE453C2AE0D51A00364450 /* FirebaseInAppMessaging-Beta in Frameworks */ = {isa = PBXBuildFile; productRef = 6EDE453B2AE0D51A00364450 /* FirebaseInAppMessaging-Beta */; };
		6EDE453E2AE0D51A00364450 /* FirebaseInAppMessagingSwift-Beta in Frameworks */ = {isa = PBXBuildFile; productRef = 6EDE453D2AE0D51A00364450 /* FirebaseInAppMessagingSwift-Beta */; };
		6EDE45402AE0D51A00364450 /* FirebaseInstallations in Frameworks */ = {isa = PBXBuildFile; productRef = 6EDE453F2AE0D51A00364450 /* FirebaseInstallations */; };
		6EDE45422AE0D51A00364450 /* FirebaseMLModelDownloader in Frameworks */ = {isa = PBXBuildFile; productRef = 6EDE45412AE0D51A00364450 /* FirebaseMLModelDownloader */; };
		6EDE45442AE0D51A00364450 /* FirebaseMessaging in Frameworks */ = {isa = PBXBuildFile; productRef = 6EDE45432AE0D51A00364450 /* FirebaseMessaging */; };
		6EDE45462AE0D51A00364450 /* FirebasePerformance in Frameworks */ = {isa = PBXBuildFile; productRef = 6EDE45452AE0D51A00364450 /* FirebasePerformance */; };
		6EDE45482AE0D51A00364450 /* FirebaseRemoteConfig in Frameworks */ = {isa = PBXBuildFile; productRef = 6EDE45472AE0D51A00364450 /* FirebaseRemoteConfig */; };
		6EDE454A2AE0D51A00364450 /* FirebaseRemoteConfigSwift in Frameworks */ = {isa = PBXBuildFile; productRef = 6EDE45492AE0D51A00364450 /* FirebaseRemoteConfigSwift */; };
		6EDE454C2AE0D51A00364450 /* FirebaseStorage in Frameworks */ = {isa = PBXBuildFile; productRef = 6EDE454B2AE0D51A00364450 /* FirebaseStorage */; };
		6EDE454E2AE0D51A00364450 /* FirebaseStorageCombine-Community in Frameworks */ = {isa = PBXBuildFile; productRef = 6EDE454D2AE0D51A00364450 /* FirebaseStorageCombine-Community */; };
		6EDE45512AE0D5FA00364450 /* FirebaseAuthManager.swift in Sources */ = {isa = PBXBuildFile; fileRef = 6EDE45502AE0D5FA00364450 /* FirebaseAuthManager.swift */; };
		6EDE45532AE0EDA800364450 /* UserDetailsViewController.swift in Sources */ = {isa = PBXBuildFile; fileRef = 6EDE45522AE0EDA800364450 /* UserDetailsViewController.swift */; };
		6EDE455A2AE112A400364450 /* HomeTabViewController.swift in Sources */ = {isa = PBXBuildFile; fileRef = 6EDE45592AE112A400364450 /* HomeTabViewController.swift */; };
		6EEAB58A2AFA058B00C5ACC1 /* RecipeBookListHeader.swift in Sources */ = {isa = PBXBuildFile; fileRef = 6EEAB5892AFA058B00C5ACC1 /* RecipeBookListHeader.swift */; };
		6EEAB58C2AFA059300C5ACC1 /* RecipeBookListHeader.xib in Resources */ = {isa = PBXBuildFile; fileRef = 6EEAB58B2AFA059300C5ACC1 /* RecipeBookListHeader.xib */; };
		6EEAB58F2AFA30FC00C5ACC1 /* MyRecipesViewController.swift in Sources */ = {isa = PBXBuildFile; fileRef = 6EEAB58E2AFA30FC00C5ACC1 /* MyRecipesViewController.swift */; };
		6EEAB5932AFA341700C5ACC1 /* MyRecipeCell.swift in Sources */ = {isa = PBXBuildFile; fileRef = 6EEAB5912AFA341700C5ACC1 /* MyRecipeCell.swift */; };
		6EEAB5942AFA341700C5ACC1 /* MyRecipeCell.xib in Resources */ = {isa = PBXBuildFile; fileRef = 6EEAB5922AFA341700C5ACC1 /* MyRecipeCell.xib */; };
		6EEAB5962AFA372700C5ACC1 /* MyRecipeHeaderView.swift in Sources */ = {isa = PBXBuildFile; fileRef = 6EEAB5952AFA372700C5ACC1 /* MyRecipeHeaderView.swift */; };
		6EEAB5982AFA372E00C5ACC1 /* MyRecipeHeaderView.xib in Resources */ = {isa = PBXBuildFile; fileRef = 6EEAB5972AFA372E00C5ACC1 /* MyRecipeHeaderView.xib */; };
		6EEEB5432B278F5900BD5FF8 /* AppSettingsViewController.swift in Sources */ = {isa = PBXBuildFile; fileRef = 6EEEB5422B278F5900BD5FF8 /* AppSettingsViewController.swift */; };
		B13ABCCC2B143D76006A2094 /* DetailRecipeViewController.swift in Sources */ = {isa = PBXBuildFile; fileRef = B13ABCCB2B143D76006A2094 /* DetailRecipeViewController.swift */; };
		B13ABCD42B155BD6006A2094 /* VideoPlayerViewController.swift in Sources */ = {isa = PBXBuildFile; fileRef = B13ABCD32B155BD6006A2094 /* VideoPlayerViewController.swift */; };
		B140A74A2AD8519100CFFC7B /* AppDelegate.swift in Sources */ = {isa = PBXBuildFile; fileRef = B140A7492AD8519100CFFC7B /* AppDelegate.swift */; };
		B140A7512AD8519100CFFC7B /* Main.storyboard in Resources */ = {isa = PBXBuildFile; fileRef = B140A74F2AD8519100CFFC7B /* Main.storyboard */; };
		B140A7532AD8519300CFFC7B /* Assets.xcassets in Resources */ = {isa = PBXBuildFile; fileRef = B140A7522AD8519300CFFC7B /* Assets.xcassets */; };
		B140A7562AD8519300CFFC7B /* LaunchScreen.storyboard in Resources */ = {isa = PBXBuildFile; fileRef = B140A7542AD8519300CFFC7B /* LaunchScreen.storyboard */; };
		B15C074F2AE82C9F0014A6BD /* ValidateClass.swift in Sources */ = {isa = PBXBuildFile; fileRef = B15C074E2AE82C9F0014A6BD /* ValidateClass.swift */; };
/* End PBXBuildFile section */

/* Begin PBXFileReference section */
		6E0231402B26E3EB002E19DE /* ProfileViewController.swift */ = {isa = PBXFileReference; lastKnownFileType = sourcecode.swift; path = ProfileViewController.swift; sourceTree = "<group>"; };
		6E0231432B26E445002E19DE /* SettingsCell.swift */ = {isa = PBXFileReference; lastKnownFileType = sourcecode.swift; path = SettingsCell.swift; sourceTree = "<group>"; };
		6E0231442B26E445002E19DE /* SettingsCell.xib */ = {isa = PBXFileReference; lastKnownFileType = file.xib; path = SettingsCell.xib; sourceTree = "<group>"; };
		6E0231472B26E471002E19DE /* UserProfileCell.swift */ = {isa = PBXFileReference; lastKnownFileType = sourcecode.swift; path = UserProfileCell.swift; sourceTree = "<group>"; };
		6E0231482B26E471002E19DE /* UserProfileCell.xib */ = {isa = PBXFileReference; lastKnownFileType = file.xib; path = UserProfileCell.xib; sourceTree = "<group>"; };
		6E24B0642B163F62006D802A /* IngredientsCell.swift */ = {isa = PBXFileReference; lastKnownFileType = sourcecode.swift; path = IngredientsCell.swift; sourceTree = "<group>"; };
		6E24B0652B163F62006D802A /* IngredientsCell.xib */ = {isa = PBXFileReference; lastKnownFileType = file.xib; path = IngredientsCell.xib; sourceTree = "<group>"; };
		6E24B0682B165307006D802A /* CookingStepsCell.swift */ = {isa = PBXFileReference; lastKnownFileType = sourcecode.swift; path = CookingStepsCell.swift; sourceTree = "<group>"; };
		6E24B0692B165307006D802A /* CookingStepsCell.xib */ = {isa = PBXFileReference; lastKnownFileType = file.xib; path = CookingStepsCell.xib; sourceTree = "<group>"; };
		6E24B06E2B165E0A006D802A /* SpiceSaga.xcdatamodel */ = {isa = PBXFileReference; lastKnownFileType = wrapper.xcdatamodel; path = SpiceSaga.xcdatamodel; sourceTree = "<group>"; };
		6E24B0712B165E60006D802A /* SpiceSagaDataServices.swift */ = {isa = PBXFileReference; lastKnownFileType = sourcecode.swift; path = SpiceSagaDataServices.swift; sourceTree = "<group>"; };
		6E51E5932AF8BC8E009FF3DA /* GoogleService-Info.plist */ = {isa = PBXFileReference; fileEncoding = 4; lastKnownFileType = text.plist.xml; path = "GoogleService-Info.plist"; sourceTree = "<group>"; };
		6E51E5962AF8BF0A009FF3DA /* RecipeBookViewController.swift */ = {isa = PBXFileReference; lastKnownFileType = sourcecode.swift; path = RecipeBookViewController.swift; sourceTree = "<group>"; };
		6E51E5992AF8BFAC009FF3DA /* RecipeBookTableViewCell.swift */ = {isa = PBXFileReference; lastKnownFileType = sourcecode.swift; path = RecipeBookTableViewCell.swift; sourceTree = "<group>"; };
		6E51E59A2AF8BFAC009FF3DA /* RecipeBookTableViewCell.xib */ = {isa = PBXFileReference; lastKnownFileType = file.xib; path = RecipeBookTableViewCell.xib; sourceTree = "<group>"; };
		6E51E59D2AF8C07E009FF3DA /* UITableView+Extentions.swift */ = {isa = PBXFileReference; lastKnownFileType = sourcecode.swift; path = "UITableView+Extentions.swift"; sourceTree = "<group>"; };
		6E51E59F2AF8C524009FF3DA /* FirebaseRMDatabase.swift */ = {isa = PBXFileReference; lastKnownFileType = sourcecode.swift; path = FirebaseRMDatabase.swift; sourceTree = "<group>"; };
		6E823BD72ADF9F1600E03A11 /* LoginViewController.swift */ = {isa = PBXFileReference; lastKnownFileType = sourcecode.swift; path = LoginViewController.swift; sourceTree = "<group>"; };
		6E823BD92ADF9F2800E03A11 /* LoginViewModel.swift */ = {isa = PBXFileReference; lastKnownFileType = sourcecode.swift; path = LoginViewModel.swift; sourceTree = "<group>"; };
		6E823BDC2ADF9F9600E03A11 /* OnboardingViewController.swift */ = {isa = PBXFileReference; lastKnownFileType = sourcecode.swift; path = OnboardingViewController.swift; sourceTree = "<group>"; };
		6E823BDE2ADF9FA400E03A11 /* OnboardingViewModel.swift */ = {isa = PBXFileReference; lastKnownFileType = sourcecode.swift; path = OnboardingViewModel.swift; sourceTree = "<group>"; };
		6E823BE12ADFA0E800E03A11 /* OnboardingCollectionViewCell.swift */ = {isa = PBXFileReference; lastKnownFileType = sourcecode.swift; path = OnboardingCollectionViewCell.swift; sourceTree = "<group>"; };
		6E823BE22ADFA0E800E03A11 /* OnboardingCollectionViewCell.xib */ = {isa = PBXFileReference; lastKnownFileType = file.xib; path = OnboardingCollectionViewCell.xib; sourceTree = "<group>"; };
		6E823BE62ADFA37100E03A11 /* UICollectionView+Extentions.swift */ = {isa = PBXFileReference; lastKnownFileType = sourcecode.swift; path = "UICollectionView+Extentions.swift"; sourceTree = "<group>"; };
		6E823BE92ADFB16B00E03A11 /* SpiceSagaStoryBoards.swift */ = {isa = PBXFileReference; lastKnownFileType = sourcecode.swift; path = SpiceSagaStoryBoards.swift; sourceTree = "<group>"; };
		6E823BEB2ADFB1A600E03A11 /* UIStoryboards+Extentions.swift */ = {isa = PBXFileReference; lastKnownFileType = sourcecode.swift; path = "UIStoryboards+Extentions.swift"; sourceTree = "<group>"; };
		6E823BED2ADFBF2700E03A11 /* UIView+Extentions.swift */ = {isa = PBXFileReference; lastKnownFileType = sourcecode.swift; path = "UIView+Extentions.swift"; sourceTree = "<group>"; };
		6E823BF02ADFCAA100E03A11 /* SignUpViewController.swift */ = {isa = PBXFileReference; lastKnownFileType = sourcecode.swift; path = SignUpViewController.swift; sourceTree = "<group>"; };
		6EA25DB42AE15E06005720C6 /* FirebaseRealTimeStorage.swift */ = {isa = PBXFileReference; lastKnownFileType = sourcecode.swift; path = FirebaseRealTimeStorage.swift; sourceTree = "<group>"; };
		6EA6EC182B2728DE00394171 /* SavedRecipeViewController.swift */ = {isa = PBXFileReference; lastKnownFileType = sourcecode.swift; path = SavedRecipeViewController.swift; sourceTree = "<group>"; };
		6EC791FA2B2750B900B483D6 /* FilterViewController.swift */ = {isa = PBXFileReference; lastKnownFileType = sourcecode.swift; path = FilterViewController.swift; sourceTree = "<group>"; };
		6EC791FD2B275AB400B483D6 /* FilterCell.swift */ = {isa = PBXFileReference; lastKnownFileType = sourcecode.swift; path = FilterCell.swift; sourceTree = "<group>"; };
		6EC791FE2B275AB400B483D6 /* FilterCell.xib */ = {isa = PBXFileReference; lastKnownFileType = file.xib; path = FilterCell.xib; sourceTree = "<group>"; };
		6ECABEAE2AFA5CCB00262387 /* AddNewRecipeViewController.swift */ = {isa = PBXFileReference; lastKnownFileType = sourcecode.swift; path = AddNewRecipeViewController.swift; sourceTree = "<group>"; };
		6ECABEB12AFA6F7000262387 /* RecipeImagesViewController.swift */ = {isa = PBXFileReference; lastKnownFileType = sourcecode.swift; path = RecipeImagesViewController.swift; sourceTree = "<group>"; };
		6ECABEB42AFA760500262387 /* RecipeStepsCell.swift */ = {isa = PBXFileReference; lastKnownFileType = sourcecode.swift; path = RecipeStepsCell.swift; sourceTree = "<group>"; };
		6ECABEB52AFA760500262387 /* RecipeStepsCell.xib */ = {isa = PBXFileReference; lastKnownFileType = file.xib; path = RecipeStepsCell.xib; sourceTree = "<group>"; };
		6ECABEBB2AFA8C9700262387 /* AddIngredientsViewController.swift */ = {isa = PBXFileReference; lastKnownFileType = sourcecode.swift; path = AddIngredientsViewController.swift; sourceTree = "<group>"; };
		6ECABEBE2AFA90DC00262387 /* AddedIngredientsCell.swift */ = {isa = PBXFileReference; lastKnownFileType = sourcecode.swift; path = AddedIngredientsCell.swift; sourceTree = "<group>"; };
		6ECABEBF2AFA90DC00262387 /* AddedIngredientsCell.xib */ = {isa = PBXFileReference; lastKnownFileType = file.xib; path = AddedIngredientsCell.xib; sourceTree = "<group>"; };
		6ECB99E72AFB35F4003C6825 /* Notifications+Extentions.swift */ = {isa = PBXFileReference; lastKnownFileType = sourcecode.swift; path = "Notifications+Extentions.swift"; sourceTree = "<group>"; };
		6EDE45502AE0D5FA00364450 /* FirebaseAuthManager.swift */ = {isa = PBXFileReference; lastKnownFileType = sourcecode.swift; path = FirebaseAuthManager.swift; sourceTree = "<group>"; };
		6EDE45522AE0EDA800364450 /* UserDetailsViewController.swift */ = {isa = PBXFileReference; lastKnownFileType = sourcecode.swift; path = UserDetailsViewController.swift; sourceTree = "<group>"; };
		6EDE45592AE112A400364450 /* HomeTabViewController.swift */ = {isa = PBXFileReference; lastKnownFileType = sourcecode.swift; path = HomeTabViewController.swift; sourceTree = "<group>"; };
		6EEAB5892AFA058B00C5ACC1 /* RecipeBookListHeader.swift */ = {isa = PBXFileReference; lastKnownFileType = sourcecode.swift; path = RecipeBookListHeader.swift; sourceTree = "<group>"; };
		6EEAB58B2AFA059300C5ACC1 /* RecipeBookListHeader.xib */ = {isa = PBXFileReference; lastKnownFileType = file.xib; path = RecipeBookListHeader.xib; sourceTree = "<group>"; };
		6EEAB58E2AFA30FC00C5ACC1 /* MyRecipesViewController.swift */ = {isa = PBXFileReference; lastKnownFileType = sourcecode.swift; path = MyRecipesViewController.swift; sourceTree = "<group>"; };
		6EEAB5912AFA341700C5ACC1 /* MyRecipeCell.swift */ = {isa = PBXFileReference; lastKnownFileType = sourcecode.swift; path = MyRecipeCell.swift; sourceTree = "<group>"; };
		6EEAB5922AFA341700C5ACC1 /* MyRecipeCell.xib */ = {isa = PBXFileReference; lastKnownFileType = file.xib; path = MyRecipeCell.xib; sourceTree = "<group>"; };
		6EEAB5952AFA372700C5ACC1 /* MyRecipeHeaderView.swift */ = {isa = PBXFileReference; lastKnownFileType = sourcecode.swift; path = MyRecipeHeaderView.swift; sourceTree = "<group>"; };
		6EEAB5972AFA372E00C5ACC1 /* MyRecipeHeaderView.xib */ = {isa = PBXFileReference; lastKnownFileType = file.xib; path = MyRecipeHeaderView.xib; sourceTree = "<group>"; };
		6EEEB5422B278F5900BD5FF8 /* AppSettingsViewController.swift */ = {isa = PBXFileReference; lastKnownFileType = sourcecode.swift; path = AppSettingsViewController.swift; sourceTree = "<group>"; };
		B13ABCCB2B143D76006A2094 /* DetailRecipeViewController.swift */ = {isa = PBXFileReference; lastKnownFileType = sourcecode.swift; path = DetailRecipeViewController.swift; sourceTree = "<group>"; };
		B13ABCD32B155BD6006A2094 /* VideoPlayerViewController.swift */ = {isa = PBXFileReference; lastKnownFileType = sourcecode.swift; path = VideoPlayerViewController.swift; sourceTree = "<group>"; };
		B140A7462AD8519100CFFC7B /* SpiceSaga.app */ = {isa = PBXFileReference; explicitFileType = wrapper.application; includeInIndex = 0; path = SpiceSaga.app; sourceTree = BUILT_PRODUCTS_DIR; };
		B140A7492AD8519100CFFC7B /* AppDelegate.swift */ = {isa = PBXFileReference; lastKnownFileType = sourcecode.swift; path = AppDelegate.swift; sourceTree = "<group>"; };
		B140A7502AD8519100CFFC7B /* Base */ = {isa = PBXFileReference; lastKnownFileType = file.storyboard; name = Base; path = Base.lproj/Main.storyboard; sourceTree = "<group>"; };
		B140A7522AD8519300CFFC7B /* Assets.xcassets */ = {isa = PBXFileReference; lastKnownFileType = folder.assetcatalog; path = Assets.xcassets; sourceTree = "<group>"; };
		B140A7552AD8519300CFFC7B /* Base */ = {isa = PBXFileReference; lastKnownFileType = file.storyboard; name = Base; path = Base.lproj/LaunchScreen.storyboard; sourceTree = "<group>"; };
		B140A7572AD8519300CFFC7B /* Info.plist */ = {isa = PBXFileReference; lastKnownFileType = text.plist.xml; path = Info.plist; sourceTree = "<group>"; };
		B15C074E2AE82C9F0014A6BD /* ValidateClass.swift */ = {isa = PBXFileReference; lastKnownFileType = sourcecode.swift; path = ValidateClass.swift; sourceTree = "<group>"; };
/* End PBXFileReference section */

/* Begin PBXFrameworksBuildPhase section */
		B140A7432AD8519100CFFC7B /* Frameworks */ = {
			isa = PBXFrameworksBuildPhase;
			buildActionMask = 2147483647;
			files = (
				6EDE452C2AE0D51A00364450 /* FirebaseDatabase in Frameworks */,
				6EDE453A2AE0D51A00364450 /* FirebaseFunctionsCombine-Community in Frameworks */,
				6EDE45322AE0D51A00364450 /* FirebaseFirestore in Frameworks */,
				6EDE451E2AE0D51A00364450 /* FirebaseAnalyticsSwift in Frameworks */,
				6EDE451A2AE0D51A00364450 /* FirebaseAnalytics in Frameworks */,
				6EDE451C2AE0D51A00364450 /* FirebaseAnalyticsOnDeviceConversion in Frameworks */,
				6EDE45422AE0D51A00364450 /* FirebaseMLModelDownloader in Frameworks */,
				6EDE45362AE0D51A00364450 /* FirebaseFirestoreSwift in Frameworks */,
				6EDE45222AE0D51A00364450 /* FirebaseAppCheck in Frameworks */,
				6EDE45202AE0D51A00364450 /* FirebaseAnalyticsWithoutAdIdSupport in Frameworks */,
				6EDE45262AE0D51A00364450 /* FirebaseAuth in Frameworks */,
				6EDE452A2AE0D51A00364450 /* FirebaseCrashlytics in Frameworks */,
				6EDE454A2AE0D51A00364450 /* FirebaseRemoteConfigSwift in Frameworks */,
				6EDE453C2AE0D51A00364450 /* FirebaseInAppMessaging-Beta in Frameworks */,
				6EDE452E2AE0D51A00364450 /* FirebaseDatabaseSwift in Frameworks */,
				6EDE45382AE0D51A00364450 /* FirebaseFunctions in Frameworks */,
				6ECABEC42AFAD20F00262387 /* SwiftLoader in Frameworks */,
				6E51E5A32AF8CF8D009FF3DA /* Kingfisher in Frameworks */,
				6EDE454E2AE0D51A00364450 /* FirebaseStorageCombine-Community in Frameworks */,
				6EDE45482AE0D51A00364450 /* FirebaseRemoteConfig in Frameworks */,
				6EDE45242AE0D51A00364450 /* FirebaseAppDistribution-Beta in Frameworks */,
				6EDE45282AE0D51A00364450 /* FirebaseAuthCombine-Community in Frameworks */,
				6EDE45462AE0D51A00364450 /* FirebasePerformance in Frameworks */,
				6EDE453E2AE0D51A00364450 /* FirebaseInAppMessagingSwift-Beta in Frameworks */,
				6EDE454C2AE0D51A00364450 /* FirebaseStorage in Frameworks */,
				6EDE45302AE0D51A00364450 /* FirebaseDynamicLinks in Frameworks */,
				6EDE45342AE0D51A00364450 /* FirebaseFirestoreCombine-Community in Frameworks */,
				6EDE45442AE0D51A00364450 /* FirebaseMessaging in Frameworks */,
				6EDE45402AE0D51A00364450 /* FirebaseInstallations in Frameworks */,
			);
			runOnlyForDeploymentPostprocessing = 0;
		};
/* End PBXFrameworksBuildPhase section */

/* Begin PBXGroup section */
		6E02313F2B26E3D6002E19DE /* Settings */ = {
			isa = PBXGroup;
			children = (
				6EEEB5422B278F5900BD5FF8 /* AppSettingsViewController.swift */,
			);
			path = Settings;
			sourceTree = "<group>";
		};
		6E0231422B26E422002E19DE /* View */ = {
			isa = PBXGroup;
			children = (
				6E0231432B26E445002E19DE /* SettingsCell.swift */,
				6E0231442B26E445002E19DE /* SettingsCell.xib */,
				6E0231472B26E471002E19DE /* UserProfileCell.swift */,
				6E0231482B26E471002E19DE /* UserProfileCell.xib */,
			);
			path = View;
			sourceTree = "<group>";
		};
		6E24B06C2B16595F006D802A /* Resources */ = {
			isa = PBXGroup;
			children = (
				6E24B06D2B165E0A006D802A /* SpiceSaga.xcdatamodeld */,
			);
			path = Resources;
			sourceTree = "<group>";
		};
		6E24B0702B165E51006D802A /* Database */ = {
			isa = PBXGroup;
			children = (
				6E24B0712B165E60006D802A /* SpiceSagaDataServices.swift */,
			);
			path = Database;
			sourceTree = "<group>";
		};
		6E51E5952AF8BEFB009FF3DA /* RecipeBook */ = {
			isa = PBXGroup;
			children = (
				6E51E5982AF8BF92009FF3DA /* View */,
				6E51E5962AF8BF0A009FF3DA /* RecipeBookViewController.swift */,
			);
			path = RecipeBook;
			sourceTree = "<group>";
		};
		6E51E5982AF8BF92009FF3DA /* View */ = {
			isa = PBXGroup;
			children = (
				6E51E5992AF8BFAC009FF3DA /* RecipeBookTableViewCell.swift */,
				6E51E59A2AF8BFAC009FF3DA /* RecipeBookTableViewCell.xib */,
				6EEAB5892AFA058B00C5ACC1 /* RecipeBookListHeader.swift */,
				6EEAB58B2AFA059300C5ACC1 /* RecipeBookListHeader.xib */,
			);
			path = View;
			sourceTree = "<group>";
		};
		6E823BD32ADF9ECB00E03A11 /* Views */ = {
			isa = PBXGroup;
			children = (
				6EC791F92B2750AC00B483D6 /* Filter */,
				6E02313F2B26E3D6002E19DE /* Settings */,
				B13ABCD22B1559BE006A2094 /* VideoPlayer */,
				B13ABCCA2B143D4C006A2094 /* DetailRecipe */,
				6ECABEAD2AFA5CBE00262387 /* AddRecipe */,
				6EEAB58D2AFA30EE00C5ACC1 /* MyRecipes */,
				6E51E5952AF8BEFB009FF3DA /* RecipeBook */,
				6E9D540A2AE78643002516B4 /* Profile */,
				6EDE45562AE1124900364450 /* Home */,
				6E823BDB2ADF9F7500E03A11 /* Onboarding */,
				6E823BD52ADF9EF200E03A11 /* Authentication */,
			);
			path = Views;
			sourceTree = "<group>";
		};
		6E823BD52ADF9EF200E03A11 /* Authentication */ = {
			isa = PBXGroup;
			children = (
				6E823BEF2ADFCA9000E03A11 /* SignUp */,
				6E823BD62ADF9EFD00E03A11 /* Login */,
			);
			path = Authentication;
			sourceTree = "<group>";
		};
		6E823BD62ADF9EFD00E03A11 /* Login */ = {
			isa = PBXGroup;
			children = (
				6E823BD72ADF9F1600E03A11 /* LoginViewController.swift */,
				6E823BD92ADF9F2800E03A11 /* LoginViewModel.swift */,
			);
			path = Login;
			sourceTree = "<group>";
		};
		6E823BDB2ADF9F7500E03A11 /* Onboarding */ = {
			isa = PBXGroup;
			children = (
				6E823BE02ADFA0CD00E03A11 /* View */,
				6E823BDC2ADF9F9600E03A11 /* OnboardingViewController.swift */,
				6E823BDE2ADF9FA400E03A11 /* OnboardingViewModel.swift */,
			);
			path = Onboarding;
			sourceTree = "<group>";
		};
		6E823BE02ADFA0CD00E03A11 /* View */ = {
			isa = PBXGroup;
			children = (
				6E823BE12ADFA0E800E03A11 /* OnboardingCollectionViewCell.swift */,
				6E823BE22ADFA0E800E03A11 /* OnboardingCollectionViewCell.xib */,
			);
			path = View;
			sourceTree = "<group>";
		};
		6E823BE52ADFA36300E03A11 /* Extentions */ = {
			isa = PBXGroup;
			children = (
				6E823BE62ADFA37100E03A11 /* UICollectionView+Extentions.swift */,
				6E823BEB2ADFB1A600E03A11 /* UIStoryboards+Extentions.swift */,
				6E823BED2ADFBF2700E03A11 /* UIView+Extentions.swift */,
				6E51E59D2AF8C07E009FF3DA /* UITableView+Extentions.swift */,
				6ECB99E72AFB35F4003C6825 /* Notifications+Extentions.swift */,
			);
			path = Extentions;
			sourceTree = "<group>";
		};
		6E823BE82ADFB15B00E03A11 /* Utils */ = {
			isa = PBXGroup;
			children = (
				6E823BE92ADFB16B00E03A11 /* SpiceSagaStoryBoards.swift */,
				B15C074E2AE82C9F0014A6BD /* ValidateClass.swift */,
			);
			path = Utils;
			sourceTree = "<group>";
		};
		6E823BEF2ADFCA9000E03A11 /* SignUp */ = {
			isa = PBXGroup;
			children = (
				6E823BF02ADFCAA100E03A11 /* SignUpViewController.swift */,
				6EDE45522AE0EDA800364450 /* UserDetailsViewController.swift */,
			);
			path = SignUp;
			sourceTree = "<group>";
		};
		6E9D540A2AE78643002516B4 /* Profile */ = {
			isa = PBXGroup;
			children = (
				6EA6EC172B2728CF00394171 /* SavedRecipe */,
				6E0231422B26E422002E19DE /* View */,
				6E0231402B26E3EB002E19DE /* ProfileViewController.swift */,
			);
			path = Profile;
			sourceTree = "<group>";
		};
		6EA6EC172B2728CF00394171 /* SavedRecipe */ = {
			isa = PBXGroup;
			children = (
				6EA6EC182B2728DE00394171 /* SavedRecipeViewController.swift */,
			);
			path = SavedRecipe;
			sourceTree = "<group>";
		};
		6EC791F92B2750AC00B483D6 /* Filter */ = {
			isa = PBXGroup;
			children = (
				6EC791FC2B275AA300B483D6 /* View */,
				6EC791FA2B2750B900B483D6 /* FilterViewController.swift */,
			);
			path = Filter;
			sourceTree = "<group>";
		};
		6EC791FC2B275AA300B483D6 /* View */ = {
			isa = PBXGroup;
			children = (
				6EC791FD2B275AB400B483D6 /* FilterCell.swift */,
				6EC791FE2B275AB400B483D6 /* FilterCell.xib */,
			);
			path = View;
			sourceTree = "<group>";
		};
		6ECABEAD2AFA5CBE00262387 /* AddRecipe */ = {
			isa = PBXGroup;
			children = (
				6ECABEBA2AFA8C8D00262387 /* AddIngredients */,
				6ECABEB02AFA6F5E00262387 /* RecipeImages */,
				6ECABEAE2AFA5CCB00262387 /* AddNewRecipeViewController.swift */,
			);
			path = AddRecipe;
			sourceTree = "<group>";
		};
		6ECABEB02AFA6F5E00262387 /* RecipeImages */ = {
			isa = PBXGroup;
			children = (
				6ECABEB32AFA75F100262387 /* View */,
				6ECABEB12AFA6F7000262387 /* RecipeImagesViewController.swift */,
			);
			path = RecipeImages;
			sourceTree = "<group>";
		};
		6ECABEB32AFA75F100262387 /* View */ = {
			isa = PBXGroup;
			children = (
				6ECABEB42AFA760500262387 /* RecipeStepsCell.swift */,
				6ECABEB52AFA760500262387 /* RecipeStepsCell.xib */,
			);
			path = View;
			sourceTree = "<group>";
		};
		6ECABEBA2AFA8C8D00262387 /* AddIngredients */ = {
			isa = PBXGroup;
			children = (
				6ECABEBD2AFA90BC00262387 /* View */,
				6ECABEBB2AFA8C9700262387 /* AddIngredientsViewController.swift */,
			);
			path = AddIngredients;
			sourceTree = "<group>";
		};
		6ECABEBD2AFA90BC00262387 /* View */ = {
			isa = PBXGroup;
			children = (
				6ECABEBE2AFA90DC00262387 /* AddedIngredientsCell.swift */,
				6ECABEBF2AFA90DC00262387 /* AddedIngredientsCell.xib */,
			);
			path = View;
			sourceTree = "<group>";
		};
		6EDE454F2AE0D5E600364450 /* Helper */ = {
			isa = PBXGroup;
			children = (
				6EDE45502AE0D5FA00364450 /* FirebaseAuthManager.swift */,
				6EA25DB42AE15E06005720C6 /* FirebaseRealTimeStorage.swift */,
				6E51E59F2AF8C524009FF3DA /* FirebaseRMDatabase.swift */,
			);
			path = Helper;
			sourceTree = "<group>";
		};
		6EDE45562AE1124900364450 /* Home */ = {
			isa = PBXGroup;
			children = (
				6EDE45592AE112A400364450 /* HomeTabViewController.swift */,
			);
			path = Home;
			sourceTree = "<group>";
		};
		6EEAB58D2AFA30EE00C5ACC1 /* MyRecipes */ = {
			isa = PBXGroup;
			children = (
				6EEAB5902AFA33FA00C5ACC1 /* View */,
				6EEAB58E2AFA30FC00C5ACC1 /* MyRecipesViewController.swift */,
			);
			path = MyRecipes;
			sourceTree = "<group>";
		};
		6EEAB5902AFA33FA00C5ACC1 /* View */ = {
			isa = PBXGroup;
			children = (
				6EEAB5912AFA341700C5ACC1 /* MyRecipeCell.swift */,
				6EEAB5922AFA341700C5ACC1 /* MyRecipeCell.xib */,
				6EEAB5952AFA372700C5ACC1 /* MyRecipeHeaderView.swift */,
				6EEAB5972AFA372E00C5ACC1 /* MyRecipeHeaderView.xib */,
			);
			path = View;
			sourceTree = "<group>";
		};
		B13ABCCA2B143D4C006A2094 /* DetailRecipe */ = {
			isa = PBXGroup;
			children = (
				B13ABCCD2B15166E006A2094 /* View */,
				B13ABCCB2B143D76006A2094 /* DetailRecipeViewController.swift */,
			);
			path = DetailRecipe;
			sourceTree = "<group>";
		};
		B13ABCCD2B15166E006A2094 /* View */ = {
			isa = PBXGroup;
			children = (
				6E24B0642B163F62006D802A /* IngredientsCell.swift */,
				6E24B0652B163F62006D802A /* IngredientsCell.xib */,
				6E24B0682B165307006D802A /* CookingStepsCell.swift */,
				6E24B0692B165307006D802A /* CookingStepsCell.xib */,
			);
			path = View;
			sourceTree = "<group>";
		};
		B13ABCD22B1559BE006A2094 /* VideoPlayer */ = {
			isa = PBXGroup;
			children = (
				B13ABCD32B155BD6006A2094 /* VideoPlayerViewController.swift */,
			);
			path = VideoPlayer;
			sourceTree = "<group>";
		};
		B140A73D2AD8519100CFFC7B = {
			isa = PBXGroup;
			children = (
				B140A7482AD8519100CFFC7B /* SpiceSaga */,
				B140A7472AD8519100CFFC7B /* Products */,
			);
			sourceTree = "<group>";
		};
		B140A7472AD8519100CFFC7B /* Products */ = {
			isa = PBXGroup;
			children = (
				B140A7462AD8519100CFFC7B /* SpiceSaga.app */,
			);
			name = Products;
			sourceTree = "<group>";
		};
		B140A7482AD8519100CFFC7B /* SpiceSaga */ = {
			isa = PBXGroup;
			children = (
				6E24B0702B165E51006D802A /* Database */,
				6E24B06C2B16595F006D802A /* Resources */,
				6E51E5932AF8BC8E009FF3DA /* GoogleService-Info.plist */,
				6EDE454F2AE0D5E600364450 /* Helper */,
				6E823BE82ADFB15B00E03A11 /* Utils */,
				6E823BE52ADFA36300E03A11 /* Extentions */,
				6E823BD32ADF9ECB00E03A11 /* Views */,
				B140A7492AD8519100CFFC7B /* AppDelegate.swift */,
				B140A74F2AD8519100CFFC7B /* Main.storyboard */,
				B140A7522AD8519300CFFC7B /* Assets.xcassets */,
				B140A7542AD8519300CFFC7B /* LaunchScreen.storyboard */,
				B140A7572AD8519300CFFC7B /* Info.plist */,
			);
			path = SpiceSaga;
			sourceTree = "<group>";
		};
/* End PBXGroup section */

/* Begin PBXNativeTarget section */
		B140A7452AD8519100CFFC7B /* SpiceSaga */ = {
			isa = PBXNativeTarget;
			buildConfigurationList = B140A75A2AD8519300CFFC7B /* Build configuration list for PBXNativeTarget "SpiceSaga" */;
			buildPhases = (
				B140A7422AD8519100CFFC7B /* Sources */,
				B140A7432AD8519100CFFC7B /* Frameworks */,
				B140A7442AD8519100CFFC7B /* Resources */,
			);
			buildRules = (
			);
			dependencies = (
			);
			name = SpiceSaga;
			packageProductDependencies = (
				6EDE45192AE0D51A00364450 /* FirebaseAnalytics */,
				6EDE451B2AE0D51A00364450 /* FirebaseAnalyticsOnDeviceConversion */,
				6EDE451D2AE0D51A00364450 /* FirebaseAnalyticsSwift */,
				6EDE451F2AE0D51A00364450 /* FirebaseAnalyticsWithoutAdIdSupport */,
				6EDE45212AE0D51A00364450 /* FirebaseAppCheck */,
				6EDE45232AE0D51A00364450 /* FirebaseAppDistribution-Beta */,
				6EDE45252AE0D51A00364450 /* FirebaseAuth */,
				6EDE45272AE0D51A00364450 /* FirebaseAuthCombine-Community */,
				6EDE45292AE0D51A00364450 /* FirebaseCrashlytics */,
				6EDE452B2AE0D51A00364450 /* FirebaseDatabase */,
				6EDE452D2AE0D51A00364450 /* FirebaseDatabaseSwift */,
				6EDE452F2AE0D51A00364450 /* FirebaseDynamicLinks */,
				6EDE45312AE0D51A00364450 /* FirebaseFirestore */,
				6EDE45332AE0D51A00364450 /* FirebaseFirestoreCombine-Community */,
				6EDE45352AE0D51A00364450 /* FirebaseFirestoreSwift */,
				6EDE45372AE0D51A00364450 /* FirebaseFunctions */,
				6EDE45392AE0D51A00364450 /* FirebaseFunctionsCombine-Community */,
				6EDE453B2AE0D51A00364450 /* FirebaseInAppMessaging-Beta */,
				6EDE453D2AE0D51A00364450 /* FirebaseInAppMessagingSwift-Beta */,
				6EDE453F2AE0D51A00364450 /* FirebaseInstallations */,
				6EDE45412AE0D51A00364450 /* FirebaseMLModelDownloader */,
				6EDE45432AE0D51A00364450 /* FirebaseMessaging */,
				6EDE45452AE0D51A00364450 /* FirebasePerformance */,
				6EDE45472AE0D51A00364450 /* FirebaseRemoteConfig */,
				6EDE45492AE0D51A00364450 /* FirebaseRemoteConfigSwift */,
				6EDE454B2AE0D51A00364450 /* FirebaseStorage */,
				6EDE454D2AE0D51A00364450 /* FirebaseStorageCombine-Community */,
				6E51E5A22AF8CF8D009FF3DA /* Kingfisher */,
				6ECABEC32AFAD20F00262387 /* SwiftLoader */,
			);
			productName = SpiceSaga;
			productReference = B140A7462AD8519100CFFC7B /* SpiceSaga.app */;
			productType = "com.apple.product-type.application";
		};
/* End PBXNativeTarget section */

/* Begin PBXProject section */
		B140A73E2AD8519100CFFC7B /* Project object */ = {
			isa = PBXProject;
			attributes = {
				BuildIndependentTargetsInParallel = 1;
				LastSwiftUpdateCheck = 1430;
				LastUpgradeCheck = 1500;
				TargetAttributes = {
					B140A7452AD8519100CFFC7B = {
						CreatedOnToolsVersion = 14.3.1;
					};
				};
			};
			buildConfigurationList = B140A7412AD8519100CFFC7B /* Build configuration list for PBXProject "SpiceSaga" */;
			compatibilityVersion = "Xcode 14.0";
			developmentRegion = en;
			hasScannedForEncodings = 0;
			knownRegions = (
				en,
				Base,
			);
			mainGroup = B140A73D2AD8519100CFFC7B;
			packageReferences = (
				6EDE45182AE0D51A00364450 /* XCRemoteSwiftPackageReference "firebase-ios-sdk" */,
				6E51E5A12AF8CF8D009FF3DA /* XCRemoteSwiftPackageReference "Kingfisher" */,
				6ECABEC22AFAD20E00262387 /* XCRemoteSwiftPackageReference "SwiftLoader" */,
			);
			productRefGroup = B140A7472AD8519100CFFC7B /* Products */;
			projectDirPath = "";
			projectRoot = "";
			targets = (
				B140A7452AD8519100CFFC7B /* SpiceSaga */,
			);
		};
/* End PBXProject section */

/* Begin PBXResourcesBuildPhase section */
		B140A7442AD8519100CFFC7B /* Resources */ = {
			isa = PBXResourcesBuildPhase;
			buildActionMask = 2147483647;
			files = (
				6E0231462B26E445002E19DE /* SettingsCell.xib in Resources */,
				B140A7562AD8519300CFFC7B /* LaunchScreen.storyboard in Resources */,
				6E51E59C2AF8BFAC009FF3DA /* RecipeBookTableViewCell.xib in Resources */,
				B140A7532AD8519300CFFC7B /* Assets.xcassets in Resources */,
				6E02314A2B26E471002E19DE /* UserProfileCell.xib in Resources */,
				6EC792002B275AB400B483D6 /* FilterCell.xib in Resources */,
				6E51E5942AF8BC8E009FF3DA /* GoogleService-Info.plist in Resources */,
				6EEAB58C2AFA059300C5ACC1 /* RecipeBookListHeader.xib in Resources */,
				6ECABEC12AFA90DC00262387 /* AddedIngredientsCell.xib in Resources */,
				6EEAB5982AFA372E00C5ACC1 /* MyRecipeHeaderView.xib in Resources */,
				6E24B0672B163F62006D802A /* IngredientsCell.xib in Resources */,
				6E823BE42ADFA0E800E03A11 /* OnboardingCollectionViewCell.xib in Resources */,
				6ECABEB72AFA760500262387 /* RecipeStepsCell.xib in Resources */,
				B140A7512AD8519100CFFC7B /* Main.storyboard in Resources */,
				6EEAB5942AFA341700C5ACC1 /* MyRecipeCell.xib in Resources */,
				6E24B06B2B165307006D802A /* CookingStepsCell.xib in Resources */,
			);
			runOnlyForDeploymentPostprocessing = 0;
		};
/* End PBXResourcesBuildPhase section */

/* Begin PBXSourcesBuildPhase section */
		B140A7422AD8519100CFFC7B /* Sources */ = {
			isa = PBXSourcesBuildPhase;
			buildActionMask = 2147483647;
			files = (
				6E24B06A2B165307006D802A /* CookingStepsCell.swift in Sources */,
				6E51E59E2AF8C07E009FF3DA /* UITableView+Extentions.swift in Sources */,
				6E24B06F2B165E0A006D802A /* SpiceSaga.xcdatamodeld in Sources */,
				B13ABCD42B155BD6006A2094 /* VideoPlayerViewController.swift in Sources */,
				6EA6EC192B2728DE00394171 /* SavedRecipeViewController.swift in Sources */,
				6E823BD82ADF9F1600E03A11 /* LoginViewController.swift in Sources */,
				6EA25DB52AE15E06005720C6 /* FirebaseRealTimeStorage.swift in Sources */,
				6EC791FF2B275AB400B483D6 /* FilterCell.swift in Sources */,
				6ECABEC02AFA90DC00262387 /* AddedIngredientsCell.swift in Sources */,
				6EEAB5932AFA341700C5ACC1 /* MyRecipeCell.swift in Sources */,
				6ECABEAF2AFA5CCB00262387 /* AddNewRecipeViewController.swift in Sources */,
				6ECB99E82AFB35F4003C6825 /* Notifications+Extentions.swift in Sources */,
				6ECABEBC2AFA8C9700262387 /* AddIngredientsViewController.swift in Sources */,
				6E823BDD2ADF9F9600E03A11 /* OnboardingViewController.swift in Sources */,
				6E823BEE2ADFBF2700E03A11 /* UIView+Extentions.swift in Sources */,
				B13ABCCC2B143D76006A2094 /* DetailRecipeViewController.swift in Sources */,
				6E24B0662B163F62006D802A /* IngredientsCell.swift in Sources */,
				6ECABEB22AFA6F7000262387 /* RecipeImagesViewController.swift in Sources */,
				6EC791FB2B2750B900B483D6 /* FilterViewController.swift in Sources */,
				6E0231492B26E471002E19DE /* UserProfileCell.swift in Sources */,
				6EEAB58A2AFA058B00C5ACC1 /* RecipeBookListHeader.swift in Sources */,
				6E0231452B26E445002E19DE /* SettingsCell.swift in Sources */,
				6E823BEC2ADFB1A600E03A11 /* UIStoryboards+Extentions.swift in Sources */,
				6E51E5972AF8BF0A009FF3DA /* RecipeBookViewController.swift in Sources */,
				6ECABEB62AFA760500262387 /* RecipeStepsCell.swift in Sources */,
				B15C074F2AE82C9F0014A6BD /* ValidateClass.swift in Sources */,
				6EEAB5962AFA372700C5ACC1 /* MyRecipeHeaderView.swift in Sources */,
				6E51E5A02AF8C524009FF3DA /* FirebaseRMDatabase.swift in Sources */,
				6EEEB5432B278F5900BD5FF8 /* AppSettingsViewController.swift in Sources */,
				6E24B0722B165E60006D802A /* SpiceSagaDataServices.swift in Sources */,
				6EEAB58F2AFA30FC00C5ACC1 /* MyRecipesViewController.swift in Sources */,
				6EDE45532AE0EDA800364450 /* UserDetailsViewController.swift in Sources */,
				6E823BEA2ADFB16B00E03A11 /* SpiceSagaStoryBoards.swift in Sources */,
				6E823BE32ADFA0E800E03A11 /* OnboardingCollectionViewCell.swift in Sources */,
				6E823BE72ADFA37100E03A11 /* UICollectionView+Extentions.swift in Sources */,
				6EDE45512AE0D5FA00364450 /* FirebaseAuthManager.swift in Sources */,
				B140A74A2AD8519100CFFC7B /* AppDelegate.swift in Sources */,
				6E51E59B2AF8BFAC009FF3DA /* RecipeBookTableViewCell.swift in Sources */,
				6E823BDA2ADF9F2800E03A11 /* LoginViewModel.swift in Sources */,
				6E0231412B26E3EB002E19DE /* ProfileViewController.swift in Sources */,
				6E823BDF2ADF9FA400E03A11 /* OnboardingViewModel.swift in Sources */,
				6E823BF12ADFCAA100E03A11 /* SignUpViewController.swift in Sources */,
				6EDE455A2AE112A400364450 /* HomeTabViewController.swift in Sources */,
			);
			runOnlyForDeploymentPostprocessing = 0;
		};
/* End PBXSourcesBuildPhase section */

/* Begin PBXVariantGroup section */
		B140A74F2AD8519100CFFC7B /* Main.storyboard */ = {
			isa = PBXVariantGroup;
			children = (
				B140A7502AD8519100CFFC7B /* Base */,
			);
			name = Main.storyboard;
			sourceTree = "<group>";
		};
		B140A7542AD8519300CFFC7B /* LaunchScreen.storyboard */ = {
			isa = PBXVariantGroup;
			children = (
				B140A7552AD8519300CFFC7B /* Base */,
			);
			name = LaunchScreen.storyboard;
			sourceTree = "<group>";
		};
/* End PBXVariantGroup section */

/* Begin XCBuildConfiguration section */
		B140A7582AD8519300CFFC7B /* Debug */ = {
			isa = XCBuildConfiguration;
			buildSettings = {
				ALWAYS_SEARCH_USER_PATHS = NO;
				CLANG_ANALYZER_NONNULL = YES;
				CLANG_ANALYZER_NUMBER_OBJECT_CONVERSION = YES_AGGRESSIVE;
				CLANG_CXX_LANGUAGE_STANDARD = "gnu++20";
				CLANG_ENABLE_MODULES = YES;
				CLANG_ENABLE_OBJC_ARC = YES;
				CLANG_ENABLE_OBJC_WEAK = YES;
				CLANG_WARN_BLOCK_CAPTURE_AUTORELEASING = YES;
				CLANG_WARN_BOOL_CONVERSION = YES;
				CLANG_WARN_COMMA = YES;
				CLANG_WARN_CONSTANT_CONVERSION = YES;
				CLANG_WARN_DEPRECATED_OBJC_IMPLEMENTATIONS = YES;
				CLANG_WARN_DIRECT_OBJC_ISA_USAGE = YES_ERROR;
				CLANG_WARN_DOCUMENTATION_COMMENTS = YES;
				CLANG_WARN_EMPTY_BODY = YES;
				CLANG_WARN_ENUM_CONVERSION = YES;
				CLANG_WARN_INFINITE_RECURSION = YES;
				CLANG_WARN_INT_CONVERSION = YES;
				CLANG_WARN_NON_LITERAL_NULL_CONVERSION = YES;
				CLANG_WARN_OBJC_IMPLICIT_RETAIN_SELF = YES;
				CLANG_WARN_OBJC_LITERAL_CONVERSION = YES;
				CLANG_WARN_OBJC_ROOT_CLASS = YES_ERROR;
				CLANG_WARN_QUOTED_INCLUDE_IN_FRAMEWORK_HEADER = YES;
				CLANG_WARN_RANGE_LOOP_ANALYSIS = YES;
				CLANG_WARN_STRICT_PROTOTYPES = YES;
				CLANG_WARN_SUSPICIOUS_MOVE = YES;
				CLANG_WARN_UNGUARDED_AVAILABILITY = YES_AGGRESSIVE;
				CLANG_WARN_UNREACHABLE_CODE = YES;
				CLANG_WARN__DUPLICATE_METHOD_MATCH = YES;
				COPY_PHASE_STRIP = NO;
				DEBUG_INFORMATION_FORMAT = dwarf;
				ENABLE_STRICT_OBJC_MSGSEND = YES;
				ENABLE_TESTABILITY = YES;
				ENABLE_USER_SCRIPT_SANDBOXING = YES;
				GCC_C_LANGUAGE_STANDARD = gnu11;
				GCC_DYNAMIC_NO_PIC = NO;
				GCC_NO_COMMON_BLOCKS = YES;
				GCC_OPTIMIZATION_LEVEL = 0;
				GCC_PREPROCESSOR_DEFINITIONS = (
					"DEBUG=1",
					"$(inherited)",
				);
				GCC_WARN_64_TO_32_BIT_CONVERSION = YES;
				GCC_WARN_ABOUT_RETURN_TYPE = YES_ERROR;
				GCC_WARN_UNDECLARED_SELECTOR = YES;
				GCC_WARN_UNINITIALIZED_AUTOS = YES_AGGRESSIVE;
				GCC_WARN_UNUSED_FUNCTION = YES;
				GCC_WARN_UNUSED_VARIABLE = YES;
				IPHONEOS_DEPLOYMENT_TARGET = 16.4;
				MTL_ENABLE_DEBUG_INFO = INCLUDE_SOURCE;
				MTL_FAST_MATH = YES;
				ONLY_ACTIVE_ARCH = YES;
				SDKROOT = iphoneos;
				SWIFT_ACTIVE_COMPILATION_CONDITIONS = DEBUG;
				SWIFT_OPTIMIZATION_LEVEL = "-Onone";
			};
			name = Debug;
		};
		B140A7592AD8519300CFFC7B /* Release */ = {
			isa = XCBuildConfiguration;
			buildSettings = {
				ALWAYS_SEARCH_USER_PATHS = NO;
				CLANG_ANALYZER_NONNULL = YES;
				CLANG_ANALYZER_NUMBER_OBJECT_CONVERSION = YES_AGGRESSIVE;
				CLANG_CXX_LANGUAGE_STANDARD = "gnu++20";
				CLANG_ENABLE_MODULES = YES;
				CLANG_ENABLE_OBJC_ARC = YES;
				CLANG_ENABLE_OBJC_WEAK = YES;
				CLANG_WARN_BLOCK_CAPTURE_AUTORELEASING = YES;
				CLANG_WARN_BOOL_CONVERSION = YES;
				CLANG_WARN_COMMA = YES;
				CLANG_WARN_CONSTANT_CONVERSION = YES;
				CLANG_WARN_DEPRECATED_OBJC_IMPLEMENTATIONS = YES;
				CLANG_WARN_DIRECT_OBJC_ISA_USAGE = YES_ERROR;
				CLANG_WARN_DOCUMENTATION_COMMENTS = YES;
				CLANG_WARN_EMPTY_BODY = YES;
				CLANG_WARN_ENUM_CONVERSION = YES;
				CLANG_WARN_INFINITE_RECURSION = YES;
				CLANG_WARN_INT_CONVERSION = YES;
				CLANG_WARN_NON_LITERAL_NULL_CONVERSION = YES;
				CLANG_WARN_OBJC_IMPLICIT_RETAIN_SELF = YES;
				CLANG_WARN_OBJC_LITERAL_CONVERSION = YES;
				CLANG_WARN_OBJC_ROOT_CLASS = YES_ERROR;
				CLANG_WARN_QUOTED_INCLUDE_IN_FRAMEWORK_HEADER = YES;
				CLANG_WARN_RANGE_LOOP_ANALYSIS = YES;
				CLANG_WARN_STRICT_PROTOTYPES = YES;
				CLANG_WARN_SUSPICIOUS_MOVE = YES;
				CLANG_WARN_UNGUARDED_AVAILABILITY = YES_AGGRESSIVE;
				CLANG_WARN_UNREACHABLE_CODE = YES;
				CLANG_WARN__DUPLICATE_METHOD_MATCH = YES;
				COPY_PHASE_STRIP = NO;
				DEBUG_INFORMATION_FORMAT = "dwarf-with-dsym";
				ENABLE_NS_ASSERTIONS = NO;
				ENABLE_STRICT_OBJC_MSGSEND = YES;
				ENABLE_USER_SCRIPT_SANDBOXING = YES;
				GCC_C_LANGUAGE_STANDARD = gnu11;
				GCC_NO_COMMON_BLOCKS = YES;
				GCC_WARN_64_TO_32_BIT_CONVERSION = YES;
				GCC_WARN_ABOUT_RETURN_TYPE = YES_ERROR;
				GCC_WARN_UNDECLARED_SELECTOR = YES;
				GCC_WARN_UNINITIALIZED_AUTOS = YES_AGGRESSIVE;
				GCC_WARN_UNUSED_FUNCTION = YES;
				GCC_WARN_UNUSED_VARIABLE = YES;
				IPHONEOS_DEPLOYMENT_TARGET = 16.4;
				MTL_ENABLE_DEBUG_INFO = NO;
				MTL_FAST_MATH = YES;
				SDKROOT = iphoneos;
				SWIFT_COMPILATION_MODE = wholemodule;
				SWIFT_OPTIMIZATION_LEVEL = "-O";
				VALIDATE_PRODUCT = YES;
			};
			name = Release;
		};
		B140A75B2AD8519300CFFC7B /* Debug */ = {
			isa = XCBuildConfiguration;
			buildSettings = {
				ASSETCATALOG_COMPILER_APPICON_NAME = AppIcon;
				ASSETCATALOG_COMPILER_GLOBAL_ACCENT_COLOR_NAME = AccentColor;
				CODE_SIGN_STYLE = Automatic;
				CURRENT_PROJECT_VERSION = 1;
				GENERATE_INFOPLIST_FILE = YES;
				INFOPLIST_FILE = SpiceSaga/Info.plist;
				INFOPLIST_KEY_UIApplicationSupportsIndirectInputEvents = YES;
				INFOPLIST_KEY_UILaunchStoryboardName = LaunchScreen;
				INFOPLIST_KEY_UIMainStoryboardFile = Main;
				INFOPLIST_KEY_UISupportedInterfaceOrientations_iPad = "UIInterfaceOrientationPortrait UIInterfaceOrientationPortraitUpsideDown UIInterfaceOrientationLandscapeLeft UIInterfaceOrientationLandscapeRight";
				INFOPLIST_KEY_UISupportedInterfaceOrientations_iPhone = "UIInterfaceOrientationPortrait UIInterfaceOrientationLandscapeLeft UIInterfaceOrientationLandscapeRight";
				LD_RUNPATH_SEARCH_PATHS = (
					"$(inherited)",
					"@executable_path/Frameworks",
				);
				MARKETING_VERSION = 1.0;
				PRODUCT_BUNDLE_IDENTIFIER = spicesaga.grishma.SpiceSaga;
				PRODUCT_NAME = "$(TARGET_NAME)";
				SWIFT_EMIT_LOC_STRINGS = YES;
				SWIFT_VERSION = 5.0;
				TARGETED_DEVICE_FAMILY = "1,2";
			};
			name = Debug;
		};
		B140A75C2AD8519300CFFC7B /* Release */ = {
			isa = XCBuildConfiguration;
			buildSettings = {
				ASSETCATALOG_COMPILER_APPICON_NAME = AppIcon;
				ASSETCATALOG_COMPILER_GLOBAL_ACCENT_COLOR_NAME = AccentColor;
				CODE_SIGN_STYLE = Automatic;
				CURRENT_PROJECT_VERSION = 1;
				GENERATE_INFOPLIST_FILE = YES;
				INFOPLIST_FILE = SpiceSaga/Info.plist;
				INFOPLIST_KEY_UIApplicationSupportsIndirectInputEvents = YES;
				INFOPLIST_KEY_UILaunchStoryboardName = LaunchScreen;
				INFOPLIST_KEY_UIMainStoryboardFile = Main;
				INFOPLIST_KEY_UISupportedInterfaceOrientations_iPad = "UIInterfaceOrientationPortrait UIInterfaceOrientationPortraitUpsideDown UIInterfaceOrientationLandscapeLeft UIInterfaceOrientationLandscapeRight";
				INFOPLIST_KEY_UISupportedInterfaceOrientations_iPhone = "UIInterfaceOrientationPortrait UIInterfaceOrientationLandscapeLeft UIInterfaceOrientationLandscapeRight";
				LD_RUNPATH_SEARCH_PATHS = (
					"$(inherited)",
					"@executable_path/Frameworks",
				);
				MARKETING_VERSION = 1.0;
				PRODUCT_BUNDLE_IDENTIFIER = spicesaga.grishma.SpiceSaga;
				PRODUCT_NAME = "$(TARGET_NAME)";
				SWIFT_EMIT_LOC_STRINGS = YES;
				SWIFT_VERSION = 5.0;
				TARGETED_DEVICE_FAMILY = "1,2";
			};
			name = Release;
		};
/* End XCBuildConfiguration section */

/* Begin XCConfigurationList section */
		B140A7412AD8519100CFFC7B /* Build configuration list for PBXProject "SpiceSaga" */ = {
			isa = XCConfigurationList;
			buildConfigurations = (
				B140A7582AD8519300CFFC7B /* Debug */,
				B140A7592AD8519300CFFC7B /* Release */,
			);
			defaultConfigurationIsVisible = 0;
			defaultConfigurationName = Release;
		};
		B140A75A2AD8519300CFFC7B /* Build configuration list for PBXNativeTarget "SpiceSaga" */ = {
			isa = XCConfigurationList;
			buildConfigurations = (
				B140A75B2AD8519300CFFC7B /* Debug */,
				B140A75C2AD8519300CFFC7B /* Release */,
			);
			defaultConfigurationIsVisible = 0;
			defaultConfigurationName = Release;
		};
/* End XCConfigurationList section */

/* Begin XCRemoteSwiftPackageReference section */
		6E51E5A12AF8CF8D009FF3DA /* XCRemoteSwiftPackageReference "Kingfisher" */ = {
			isa = XCRemoteSwiftPackageReference;
			repositoryURL = "https://github.com/onevcat/Kingfisher.git";
			requirement = {
				kind = upToNextMajorVersion;
				minimumVersion = 7.10.0;
			};
		};
		6ECABEC22AFAD20E00262387 /* XCRemoteSwiftPackageReference "SwiftLoader" */ = {
			isa = XCRemoteSwiftPackageReference;
			repositoryURL = "https://github.com/leoru/SwiftLoader.git";
			requirement = {
				kind = upToNextMajorVersion;
				minimumVersion = 1.0.0;
			};
		};
		6EDE45182AE0D51A00364450 /* XCRemoteSwiftPackageReference "firebase-ios-sdk" */ = {
			isa = XCRemoteSwiftPackageReference;
			repositoryURL = "https://github.com/firebase/firebase-ios-sdk.git";
			requirement = {
				kind = upToNextMajorVersion;
				minimumVersion = 10.16.0;
			};
		};
/* End XCRemoteSwiftPackageReference section */

/* Begin XCSwiftPackageProductDependency section */
		6E51E5A22AF8CF8D009FF3DA /* Kingfisher */ = {
			isa = XCSwiftPackageProductDependency;
			package = 6E51E5A12AF8CF8D009FF3DA /* XCRemoteSwiftPackageReference "Kingfisher" */;
			productName = Kingfisher;
		};
		6ECABEC32AFAD20F00262387 /* SwiftLoader */ = {
			isa = XCSwiftPackageProductDependency;
			package = 6ECABEC22AFAD20E00262387 /* XCRemoteSwiftPackageReference "SwiftLoader" */;
			productName = SwiftLoader;
		};
		6EDE45192AE0D51A00364450 /* FirebaseAnalytics */ = {
			isa = XCSwiftPackageProductDependency;
			package = 6EDE45182AE0D51A00364450 /* XCRemoteSwiftPackageReference "firebase-ios-sdk" */;
			productName = FirebaseAnalytics;
		};
		6EDE451B2AE0D51A00364450 /* FirebaseAnalyticsOnDeviceConversion */ = {
			isa = XCSwiftPackageProductDependency;
			package = 6EDE45182AE0D51A00364450 /* XCRemoteSwiftPackageReference "firebase-ios-sdk" */;
			productName = FirebaseAnalyticsOnDeviceConversion;
		};
		6EDE451D2AE0D51A00364450 /* FirebaseAnalyticsSwift */ = {
			isa = XCSwiftPackageProductDependency;
			package = 6EDE45182AE0D51A00364450 /* XCRemoteSwiftPackageReference "firebase-ios-sdk" */;
			productName = FirebaseAnalyticsSwift;
		};
		6EDE451F2AE0D51A00364450 /* FirebaseAnalyticsWithoutAdIdSupport */ = {
			isa = XCSwiftPackageProductDependency;
			package = 6EDE45182AE0D51A00364450 /* XCRemoteSwiftPackageReference "firebase-ios-sdk" */;
			productName = FirebaseAnalyticsWithoutAdIdSupport;
		};
		6EDE45212AE0D51A00364450 /* FirebaseAppCheck */ = {
			isa = XCSwiftPackageProductDependency;
			package = 6EDE45182AE0D51A00364450 /* XCRemoteSwiftPackageReference "firebase-ios-sdk" */;
			productName = FirebaseAppCheck;
		};
		6EDE45232AE0D51A00364450 /* FirebaseAppDistribution-Beta */ = {
			isa = XCSwiftPackageProductDependency;
			package = 6EDE45182AE0D51A00364450 /* XCRemoteSwiftPackageReference "firebase-ios-sdk" */;
			productName = "FirebaseAppDistribution-Beta";
		};
		6EDE45252AE0D51A00364450 /* FirebaseAuth */ = {
			isa = XCSwiftPackageProductDependency;
			package = 6EDE45182AE0D51A00364450 /* XCRemoteSwiftPackageReference "firebase-ios-sdk" */;
			productName = FirebaseAuth;
		};
		6EDE45272AE0D51A00364450 /* FirebaseAuthCombine-Community */ = {
			isa = XCSwiftPackageProductDependency;
			package = 6EDE45182AE0D51A00364450 /* XCRemoteSwiftPackageReference "firebase-ios-sdk" */;
			productName = "FirebaseAuthCombine-Community";
		};
		6EDE45292AE0D51A00364450 /* FirebaseCrashlytics */ = {
			isa = XCSwiftPackageProductDependency;
			package = 6EDE45182AE0D51A00364450 /* XCRemoteSwiftPackageReference "firebase-ios-sdk" */;
			productName = FirebaseCrashlytics;
		};
		6EDE452B2AE0D51A00364450 /* FirebaseDatabase */ = {
			isa = XCSwiftPackageProductDependency;
			package = 6EDE45182AE0D51A00364450 /* XCRemoteSwiftPackageReference "firebase-ios-sdk" */;
			productName = FirebaseDatabase;
		};
		6EDE452D2AE0D51A00364450 /* FirebaseDatabaseSwift */ = {
			isa = XCSwiftPackageProductDependency;
			package = 6EDE45182AE0D51A00364450 /* XCRemoteSwiftPackageReference "firebase-ios-sdk" */;
			productName = FirebaseDatabaseSwift;
		};
		6EDE452F2AE0D51A00364450 /* FirebaseDynamicLinks */ = {
			isa = XCSwiftPackageProductDependency;
			package = 6EDE45182AE0D51A00364450 /* XCRemoteSwiftPackageReference "firebase-ios-sdk" */;
			productName = FirebaseDynamicLinks;
		};
		6EDE45312AE0D51A00364450 /* FirebaseFirestore */ = {
			isa = XCSwiftPackageProductDependency;
			package = 6EDE45182AE0D51A00364450 /* XCRemoteSwiftPackageReference "firebase-ios-sdk" */;
			productName = FirebaseFirestore;
		};
		6EDE45332AE0D51A00364450 /* FirebaseFirestoreCombine-Community */ = {
			isa = XCSwiftPackageProductDependency;
			package = 6EDE45182AE0D51A00364450 /* XCRemoteSwiftPackageReference "firebase-ios-sdk" */;
			productName = "FirebaseFirestoreCombine-Community";
		};
		6EDE45352AE0D51A00364450 /* FirebaseFirestoreSwift */ = {
			isa = XCSwiftPackageProductDependency;
			package = 6EDE45182AE0D51A00364450 /* XCRemoteSwiftPackageReference "firebase-ios-sdk" */;
			productName = FirebaseFirestoreSwift;
		};
		6EDE45372AE0D51A00364450 /* FirebaseFunctions */ = {
			isa = XCSwiftPackageProductDependency;
			package = 6EDE45182AE0D51A00364450 /* XCRemoteSwiftPackageReference "firebase-ios-sdk" */;
			productName = FirebaseFunctions;
		};
		6EDE45392AE0D51A00364450 /* FirebaseFunctionsCombine-Community */ = {
			isa = XCSwiftPackageProductDependency;
			package = 6EDE45182AE0D51A00364450 /* XCRemoteSwiftPackageReference "firebase-ios-sdk" */;
			productName = "FirebaseFunctionsCombine-Community";
		};
		6EDE453B2AE0D51A00364450 /* FirebaseInAppMessaging-Beta */ = {
			isa = XCSwiftPackageProductDependency;
			package = 6EDE45182AE0D51A00364450 /* XCRemoteSwiftPackageReference "firebase-ios-sdk" */;
			productName = "FirebaseInAppMessaging-Beta";
		};
		6EDE453D2AE0D51A00364450 /* FirebaseInAppMessagingSwift-Beta */ = {
			isa = XCSwiftPackageProductDependency;
			package = 6EDE45182AE0D51A00364450 /* XCRemoteSwiftPackageReference "firebase-ios-sdk" */;
			productName = "FirebaseInAppMessagingSwift-Beta";
		};
		6EDE453F2AE0D51A00364450 /* FirebaseInstallations */ = {
			isa = XCSwiftPackageProductDependency;
			package = 6EDE45182AE0D51A00364450 /* XCRemoteSwiftPackageReference "firebase-ios-sdk" */;
			productName = FirebaseInstallations;
		};
		6EDE45412AE0D51A00364450 /* FirebaseMLModelDownloader */ = {
			isa = XCSwiftPackageProductDependency;
			package = 6EDE45182AE0D51A00364450 /* XCRemoteSwiftPackageReference "firebase-ios-sdk" */;
			productName = FirebaseMLModelDownloader;
		};
		6EDE45432AE0D51A00364450 /* FirebaseMessaging */ = {
			isa = XCSwiftPackageProductDependency;
			package = 6EDE45182AE0D51A00364450 /* XCRemoteSwiftPackageReference "firebase-ios-sdk" */;
			productName = FirebaseMessaging;
		};
		6EDE45452AE0D51A00364450 /* FirebasePerformance */ = {
			isa = XCSwiftPackageProductDependency;
			package = 6EDE45182AE0D51A00364450 /* XCRemoteSwiftPackageReference "firebase-ios-sdk" */;
			productName = FirebasePerformance;
		};
		6EDE45472AE0D51A00364450 /* FirebaseRemoteConfig */ = {
			isa = XCSwiftPackageProductDependency;
			package = 6EDE45182AE0D51A00364450 /* XCRemoteSwiftPackageReference "firebase-ios-sdk" */;
			productName = FirebaseRemoteConfig;
		};
		6EDE45492AE0D51A00364450 /* FirebaseRemoteConfigSwift */ = {
			isa = XCSwiftPackageProductDependency;
			package = 6EDE45182AE0D51A00364450 /* XCRemoteSwiftPackageReference "firebase-ios-sdk" */;
			productName = FirebaseRemoteConfigSwift;
		};
		6EDE454B2AE0D51A00364450 /* FirebaseStorage */ = {
			isa = XCSwiftPackageProductDependency;
			package = 6EDE45182AE0D51A00364450 /* XCRemoteSwiftPackageReference "firebase-ios-sdk" */;
			productName = FirebaseStorage;
		};
		6EDE454D2AE0D51A00364450 /* FirebaseStorageCombine-Community */ = {
			isa = XCSwiftPackageProductDependency;
			package = 6EDE45182AE0D51A00364450 /* XCRemoteSwiftPackageReference "firebase-ios-sdk" */;
			productName = "FirebaseStorageCombine-Community";
		};
/* End XCSwiftPackageProductDependency section */

/* Begin XCVersionGroup section */
		6E24B06D2B165E0A006D802A /* SpiceSaga.xcdatamodeld */ = {
			isa = XCVersionGroup;
			children = (
				6E24B06E2B165E0A006D802A /* SpiceSaga.xcdatamodel */,
			);
			currentVersion = 6E24B06E2B165E0A006D802A /* SpiceSaga.xcdatamodel */;
			path = SpiceSaga.xcdatamodeld;
			sourceTree = "<group>";
			versionGroupType = wrapper.xcdatamodel;
		};
/* End XCVersionGroup section */
	};
	rootObject = B140A73E2AD8519100CFFC7B /* Project object */;
}
